{
  "version": "5",
  "specifiers": {
    "jsr:@b-fuze/deno-dom@~0.1.56": "0.1.56",
    "jsr:@david/code-block-writer@^13.0.3": "13.0.3",
    "jsr:@deno/dnt@~0.42.3": "0.42.3",
    "jsr:@denosaurs/plug@1.1.0": "1.1.0",
    "jsr:@std/assert@^1.0.14": "1.0.17",
    "jsr:@std/assert@^1.0.17": "1.0.17",
    "jsr:@std/async@*": "1.0.15",
    "jsr:@std/bytes@^1.0.6": "1.0.6",
    "jsr:@std/cbor@~0.1.9": "0.1.9",
    "jsr:@std/cli@*": "1.0.24",
    "jsr:@std/cli@^1.0.26": "1.0.26",
    "jsr:@std/collections@*": "1.1.5",
    "jsr:@std/collections@^1.1.4": "1.1.5",
    "jsr:@std/collections@^1.1.5": "1.1.5",
    "jsr:@std/crypto@^1.0.5": "1.0.5",
    "jsr:@std/encoding@1": "1.0.10",
    "jsr:@std/encoding@^1.0.10": "1.0.10",
    "jsr:@std/expect@^1.0.17": "1.0.17",
    "jsr:@std/fmt@1": "1.0.8",
    "jsr:@std/fs@1": "1.0.22",
    "jsr:@std/fs@^1.0.22": "1.0.22",
    "jsr:@std/internal@^1.0.10": "1.0.12",
    "jsr:@std/internal@^1.0.12": "1.0.12",
    "jsr:@std/json@^1.0.2": "1.0.2",
    "jsr:@std/jsonc@^1.0.2": "1.0.2",
    "jsr:@std/path@1": "1.1.4",
    "jsr:@std/path@^1.1.4": "1.1.4",
    "jsr:@std/streams@^1.0.14": "1.0.14",
    "jsr:@std/ulid@1": "1.0.0",
    "jsr:@std/uuid@^1.1.0": "1.1.0",
    "jsr:@std/yaml@^1.0.11": "1.0.11",
    "jsr:@ts-morph/bootstrap@0.27": "0.27.0",
    "jsr:@ts-morph/common@0.27": "0.27.0",
    "npm:@jsr/b-fuze__deno-dom@~0.1.56": "0.1.56",
    "npm:@jsr/std__bytes@^1.0.6": "1.0.6",
    "npm:@jsr/std__cbor@~0.1.9": "0.1.9",
    "npm:@jsr/std__crypto@^1.1.0": "1.1.0",
    "npm:@jsr/std__encoding@^1.0.10": "1.0.10",
    "npm:@jsr/std__expect@^1.0.19": "1.0.19",
    "npm:@jsr/std__yaml@^1.1.0": "1.1.1",
    "npm:@standard-schema/spec@^1.1.0": "1.1.0",
    "npm:hono@^4.11.7": "4.12.23",
    "npm:jose@^6.1.3": "6.1.3",
    "npm:rollup@*": "4.57.1",
    "npm:zod@^4.3.6": "4.3.6"
  },
  "jsr": {
    "@b-fuze/deno-dom@0.1.56": {
      "integrity": "8030e2dc1d8750f1682b53462ab893d9c3470f2287feecbe22f44a88c54ab148",
      "dependencies": [
        "jsr:@denosaurs/plug"
      ]
    },
    "@david/code-block-writer@13.0.3": {
      "integrity": "f98c77d320f5957899a61bfb7a9bead7c6d83ad1515daee92dbacc861e13bb7f"
    },
    "@deno/dnt@0.42.3": {
      "integrity": "62a917a0492f3c8af002dce90605bb0d41f7d29debc06aca40dba72ab65d8ae3",
      "dependencies": [
        "jsr:@david/code-block-writer",
        "jsr:@std/fmt",
        "jsr:@std/fs@1",
        "jsr:@std/path@1",
        "jsr:@ts-morph/bootstrap"
      ]
    },
    "@denosaurs/plug@1.1.0": {
      "integrity": "eb2f0b7546c7bca2000d8b0282c54d50d91cf6d75cb26a80df25a6de8c4bc044",
      "dependencies": [
        "jsr:@std/encoding@1",
        "jsr:@std/fmt",
        "jsr:@std/fs@1",
        "jsr:@std/path@1"
      ]
    },
    "@std/assert@1.0.17": {
      "integrity": "df5ebfffe77c03b3fa1401e11c762cc8f603d51021c56c4d15a8c7ab45e90dbe",
      "dependencies": [
        "jsr:@std/internal@^1.0.12"
      ]
    },
    "@std/async@1.0.15": {
      "integrity": "55d1d9d04f99403fe5730ab16bdcc3c47f658a6bf054cafb38a50f046238116e"
    },
    "@std/bytes@1.0.6": {
      "integrity": "f6ac6adbd8ccd99314045f5703e23af0a68d7f7e58364b47d2c7f408aeb5820a"
    },
    "@std/cbor@0.1.9": {
      "integrity": "fe1f61f445a34c8f97973b58fecbfb24e48fcc88df7b1253d9b6fe5d2ea16936",
      "dependencies": [
        "jsr:@std/bytes",
        "jsr:@std/streams"
      ]
    },
    "@std/cli@1.0.24": {
      "integrity": "b655a5beb26aa94f98add6bc8889f5fb9bc3ee2cc3fc954e151201f4c4200a5e"
    },
    "@std/cli@1.0.26": {
      "integrity": "53679a2b041406f15c3ff193986852595f3d11ba7b9d4b0c71a42589662e8fb5",
      "dependencies": [
        "jsr:@std/internal@^1.0.12"
      ]
    },
    "@std/collections@1.1.4": {
      "integrity": "90a7acae07652b0f7227db9b22116ddf4b7cfb0886f8e409c1d7f0c39c526bc1"
    },
    "@std/collections@1.1.5": {
      "integrity": "c37cc6bbbbf90fec3e782535a46c9c8a3210f19118c61add71fcea86b0ffd491"
    },
    "@std/crypto@1.0.5": {
      "integrity": "0dcfbb319fe0bba1bd3af904ceb4f948cde1b92979ec1614528380ed308a3b40"
    },
    "@std/encoding@1.0.10": {
      "integrity": "8783c6384a2d13abd5e9e87a7ae0520a30e9f56aeeaa3bdf910a3eaaf5c811a1"
    },
    "@std/expect@1.0.17": {
      "integrity": "316b47dd65c33e3151344eb3267bf42efba17d1415425f07ed96185d67fc04d9",
      "dependencies": [
        "jsr:@std/assert@^1.0.14",
        "jsr:@std/internal@^1.0.10"
      ]
    },
    "@std/fmt@1.0.8": {
      "integrity": "71e1fc498787e4434d213647a6e43e794af4fd393ef8f52062246e06f7e372b7"
    },
    "@std/fs@1.0.22": {
      "integrity": "de0f277a58a867147a8a01bc1b181d0dfa80bfddba8c9cf2bacd6747bcec9308",
      "dependencies": [
        "jsr:@std/internal@^1.0.12",
        "jsr:@std/path@^1.1.4"
      ]
    },
    "@std/internal@1.0.12": {
      "integrity": "972a634fd5bc34b242024402972cd5143eac68d8dffaca5eaa4dba30ce17b027"
    },
    "@std/json@1.0.2": {
      "integrity": "d9e5497801c15fb679f55a2c01c7794ad7a5dfda4dd1bebab5e409cb5e0d34d4"
    },
    "@std/jsonc@1.0.2": {
      "integrity": "909605dae3af22bd75b1cbda8d64a32cf1fd2cf6efa3f9e224aba6d22c0f44c7",
      "dependencies": [
        "jsr:@std/json"
      ]
    },
    "@std/path@1.1.4": {
      "integrity": "1d2d43f39efb1b42f0b1882a25486647cb851481862dc7313390b2bb044314b5",
      "dependencies": [
        "jsr:@std/internal@^1.0.12"
      ]
    },
    "@std/streams@1.0.14": {
      "integrity": "c0df6cdd73bd4bbcbe4baa89e323b88418c90ceb2d926f95aa99bdcdbfca2411"
    },
    "@std/ulid@1.0.0": {
      "integrity": "d41c3d27a907714413649fee864b7cde8d42ee68437d22b79d5de4f81d808780"
    },
    "@std/uuid@1.1.0": {
      "integrity": "6268db2ccf172849c9be80763354ca305d49ef4af41fe995623d44fcc3f7457c",
      "dependencies": [
        "jsr:@std/bytes",
        "jsr:@std/crypto"
      ]
    },
    "@std/yaml@1.0.11": {
      "integrity": "bd139ce77f2d06cbed3713c8b26d301d2a2e12ecc7986130a268107e212143ee"
    },
    "@ts-morph/bootstrap@0.27.0": {
      "integrity": "b8d7bc8f7942ce853dde4161b28f9aa96769cef3d8eebafb379a81800b9e2448",
      "dependencies": [
        "jsr:@ts-morph/common"
      ]
    },
    "@ts-morph/common@0.27.0": {
      "integrity": "c7b73592d78ce8479b356fd4f3d6ec3c460d77753a8680ff196effea7a939052",
      "dependencies": [
        "jsr:@std/fs@1",
        "jsr:@std/path@1"
      ]
    }
  },
  "npm": {
    "@jsr/b-fuze__deno-dom@0.1.56": {
      "integrity": "sha512-RqLdWVkRnB+Nzvy5dZ3XIZStiuqKhhfgO85XOyDnwllaaHU9wDV1j2uH9y4wFlOJdr5yn77D9Rdvb4t2jbC1/Q==",
      "dependencies": [
        "@jsr/denosaurs__plug"
      ],
      "tarball": "https://npm.jsr.io/~/11/@jsr/b-fuze__deno-dom/0.1.56.tgz"
    },
    "@jsr/denosaurs__plug@1.1.0": {
      "integrity": "sha512-GNRMr8XcYWbv8C1B5OjDa5u8q3p2lz7YVWQLhH5HAy0pkpb0+Y3npSxzjM49v5ajTFIzUCwIKv1gQukPm9q7qw==",
      "dependencies": [
        "@jsr/std__encoding",
        "@jsr/std__fmt",
        "@jsr/std__fs",
        "@jsr/std__path"
      ],
      "tarball": "https://npm.jsr.io/~/11/@jsr/denosaurs__plug/1.1.0.tgz"
    },
    "@jsr/std__assert@1.0.19": {
      "integrity": "sha512-pEj6RPkGbqlgRmyKwATp4cUs6+ijxtdrv3bq8v1d2I2CEcMEyPaO8cVKro61wGRDH4cNg8Zx6haztvK/9m7gkA==",
      "dependencies": [
        "@jsr/std__internal"
      ],
      "tarball": "https://npm.jsr.io/~/11/@jsr/std__assert/1.0.19.tgz"
    },
    "@jsr/std__bytes@1.0.6": {
      "integrity": "sha512-St6yKggjFGhxS52IFLJWvkchRFbAKg2Xh8UxA4S1EGz7GJ2Ui+ssDDldj/w2c8vCxvl6qgR0HaYbKeFJNqujmA==",
      "tarball": "https://npm.jsr.io/~/11/@jsr/std__bytes/1.0.6.tgz"
    },
    "@jsr/std__cbor@0.1.9": {
      "integrity": "sha512-/Yq8tdPXujyFNCwbtjEld4AA3u9/1q58lHaAC8RpTjwfj1MjeK6WIJQehkajjGOth6q9VVaZo9baBh/1ruMGmw==",
      "dependencies": [
        "@jsr/std__bytes",
        "@jsr/std__streams"
      ],
      "tarball": "https://npm.jsr.io/~/11/@jsr/std__cbor/0.1.9.tgz"
    },
    "@jsr/std__crypto@1.1.0": {
      "integrity": "sha512-3k5X+V01YqCgIu3tuvS6saFVUn39p+Xe0ITMigwyoDDZsRMUsZcyjwxJpyL6TZF7NFI5Do7alSsHQElZQH1OJg==",
      "tarball": "https://npm.jsr.io/~/11/@jsr/std__crypto/1.1.0.tgz"
    },
    "@jsr/std__encoding@1.0.10": {
      "integrity": "sha512-WK2njnDTyKefroRNk2Ooq7GStp6Y0ccAvr4To+Z/zecRAGe7+OSvH9DbiaHpAKwEi2KQbmpWMOYsdNt+TsdmSw==",
      "tarball": "https://npm.jsr.io/~/11/@jsr/std__encoding/1.0.10.tgz"
    },
    "@jsr/std__expect@1.0.19": {
      "integrity": "sha512-t8BEISf1666L7dGDIG1nriYh0TQKoU+8mrx93zz+Kj40eov9wNKjKCX96x17p8I8bDcHby4wSv+7jy4+9W6IPg==",
      "dependencies": [
        "@jsr/std__assert",
        "@jsr/std__internal",
        "@jsr/std__path"
      ],
      "tarball": "https://npm.jsr.io/~/11/@jsr/std__expect/1.0.19.tgz"
    },
    "@jsr/std__fmt@1.0.9": {
      "integrity": "sha512-YFJJMozmORj2K91c5J9opWeh0VUwrd+Mwb7Pr0FkVCAKVLu2UhT4LyvJqWiyUT+eF+MdfqQ9F7RtQj4bXn9Smw==",
      "tarball": "https://npm.jsr.io/~/11/@jsr/std__fmt/1.0.9.tgz"
    },
    "@jsr/std__fs@1.0.22": {
      "integrity": "sha512-PvDtgT25IqhFEX2LjQI0aTz/Wg61jCtJ8l19fE9MUSvSmtw57Kzr6sM7GcCsSrsZEdQ7wjLfXvvhy8irta4Zww==",
      "dependencies": [
        "@jsr/std__internal",
        "@jsr/std__path"
      ],
      "tarball": "https://npm.jsr.io/~/11/@jsr/std__fs/1.0.22.tgz"
    },
    "@jsr/std__internal@1.0.14": {
      "integrity": "sha512-JT8b/t40WcR9q0GDwRZUooY7aXeXnFal8iidE/5TckdAFtvpVAsaJ71/Xgf1SfoChs41s6CZkuCYM8toaNgdvA==",
      "tarball": "https://npm.jsr.io/~/11/@jsr/std__internal/1.0.14.tgz"
    },
    "@jsr/std__path@1.1.4": {
      "integrity": "sha512-SK4u9H6NVTfolhPdlvdYXfNFefy1W04AEHWJydryYbk+xqzNiVmr5o7TLJLJFqwHXuwMRhwrn+mcYeUfS0YFaA==",
      "dependencies": [
        "@jsr/std__internal"
      ],
      "tarball": "https://npm.jsr.io/~/11/@jsr/std__path/1.1.4.tgz"
    },
    "@jsr/std__streams@1.1.1": {
      "integrity": "sha512-V9auR/i6gJz6SR1+h5wc4EN42IC5+ObBjXu/h7Buef7UOE0GtX4vRSx+3MJywEiBcJqQC+lCnf+wBAodvBL1SA==",
      "dependencies": [
        "@jsr/std__bytes"
      ],
      "tarball": "https://npm.jsr.io/~/11/@jsr/std__streams/1.1.1.tgz"
    },
    "@jsr/std__yaml@1.1.1": {
      "integrity": "sha512-OLgQ32rFaP5rFMOKorRnlvPgaxyUbd+ORpITxVUY2iy2ROVBtHHIJ4J7vRb7U1pMLorlGJVqCpga3DowyGV+cg==",
      "tarball": "https://npm.jsr.io/~/11/@jsr/std__yaml/1.1.1.tgz"
    },
    "@rollup/rollup-android-arm-eabi@4.57.1": {
      "integrity": "sha512-A6ehUVSiSaaliTxai040ZpZ2zTevHYbvu/lDoeAteHI8QnaosIzm4qwtezfRg1jOYaUmnzLX1AOD6Z+UJjtifg==",
      "os": ["android"],
      "cpu": ["arm"]
    },
    "@rollup/rollup-android-arm64@4.57.1": {
      "integrity": "sha512-dQaAddCY9YgkFHZcFNS/606Exo8vcLHwArFZ7vxXq4rigo2bb494/xKMMwRRQW6ug7Js6yXmBZhSBRuBvCCQ3w==",
      "os": ["android"],
      "cpu": ["arm64"]
    },
    "@rollup/rollup-darwin-arm64@4.57.1": {
      "integrity": "sha512-crNPrwJOrRxagUYeMn/DZwqN88SDmwaJ8Cvi/TN1HnWBU7GwknckyosC2gd0IqYRsHDEnXf328o9/HC6OkPgOg==",
      "os": ["darwin"],
      "cpu": ["arm64"]
    },
    "@rollup/rollup-darwin-x64@4.57.1": {
      "integrity": "sha512-Ji8g8ChVbKrhFtig5QBV7iMaJrGtpHelkB3lsaKzadFBe58gmjfGXAOfI5FV0lYMH8wiqsxKQ1C9B0YTRXVy4w==",
      "os": ["darwin"],
      "cpu": ["x64"]
    },
    "@rollup/rollup-freebsd-arm64@4.57.1": {
      "integrity": "sha512-R+/WwhsjmwodAcz65guCGFRkMb4gKWTcIeLy60JJQbXrJ97BOXHxnkPFrP+YwFlaS0m+uWJTstrUA9o+UchFug==",
      "os": ["freebsd"],
      "cpu": ["arm64"]
    },
    "@rollup/rollup-freebsd-x64@4.57.1": {
      "integrity": "sha512-IEQTCHeiTOnAUC3IDQdzRAGj3jOAYNr9kBguI7MQAAZK3caezRrg0GxAb6Hchg4lxdZEI5Oq3iov/w/hnFWY9Q==",
      "os": ["freebsd"],
      "cpu": ["x64"]
    },
    "@rollup/rollup-linux-arm-gnueabihf@4.57.1": {
      "integrity": "sha512-F8sWbhZ7tyuEfsmOxwc2giKDQzN3+kuBLPwwZGyVkLlKGdV1nvnNwYD0fKQ8+XS6hp9nY7B+ZeK01EBUE7aHaw==",
      "os": ["linux"],
      "cpu": ["arm"]
    },
    "@rollup/rollup-linux-arm-musleabihf@4.57.1": {
      "integrity": "sha512-rGfNUfn0GIeXtBP1wL5MnzSj98+PZe/AXaGBCRmT0ts80lU5CATYGxXukeTX39XBKsxzFpEeK+Mrp9faXOlmrw==",
      "os": ["linux"],
      "cpu": ["arm"]
    },
    "@rollup/rollup-linux-arm64-gnu@4.57.1": {
      "integrity": "sha512-MMtej3YHWeg/0klK2Qodf3yrNzz6CGjo2UntLvk2RSPlhzgLvYEB3frRvbEF2wRKh1Z2fDIg9KRPe1fawv7C+g==",
      "os": ["linux"],
      "cpu": ["arm64"]
    },
    "@rollup/rollup-linux-arm64-musl@4.57.1": {
      "integrity": "sha512-1a/qhaaOXhqXGpMFMET9VqwZakkljWHLmZOX48R0I/YLbhdxr1m4gtG1Hq7++VhVUmf+L3sTAf9op4JlhQ5u1Q==",
      "os": ["linux"],
      "cpu": ["arm64"]
    },
    "@rollup/rollup-linux-loong64-gnu@4.57.1": {
      "integrity": "sha512-QWO6RQTZ/cqYtJMtxhkRkidoNGXc7ERPbZN7dVW5SdURuLeVU7lwKMpo18XdcmpWYd0qsP1bwKPf7DNSUinhvA==",
      "os": ["linux"],
      "cpu": ["loong64"]
    },
    "@rollup/rollup-linux-loong64-musl@4.57.1": {
      "integrity": "sha512-xpObYIf+8gprgWaPP32xiN5RVTi/s5FCR+XMXSKmhfoJjrpRAjCuuqQXyxUa/eJTdAE6eJ+KDKaoEqjZQxh3Gw==",
      "os": ["linux"],
      "cpu": ["loong64"]
    },
    "@rollup/rollup-linux-ppc64-gnu@4.57.1": {
      "integrity": "sha512-4BrCgrpZo4hvzMDKRqEaW1zeecScDCR+2nZ86ATLhAoJ5FQ+lbHVD3ttKe74/c7tNT9c6F2viwB3ufwp01Oh2w==",
      "os": ["linux"],
      "cpu": ["ppc64"]
    },
    "@rollup/rollup-linux-ppc64-musl@4.57.1": {
      "integrity": "sha512-NOlUuzesGauESAyEYFSe3QTUguL+lvrN1HtwEEsU2rOwdUDeTMJdO5dUYl/2hKf9jWydJrO9OL/XSSf65R5+Xw==",
      "os": ["linux"],
      "cpu": ["ppc64"]
    },
    "@rollup/rollup-linux-riscv64-gnu@4.57.1": {
      "integrity": "sha512-ptA88htVp0AwUUqhVghwDIKlvJMD/fmL/wrQj99PRHFRAG6Z5nbWoWG4o81Nt9FT+IuqUQi+L31ZKAFeJ5Is+A==",
      "os": ["linux"],
      "cpu": ["riscv64"]
    },
    "@rollup/rollup-linux-riscv64-musl@4.57.1": {
      "integrity": "sha512-S51t7aMMTNdmAMPpBg7OOsTdn4tySRQvklmL3RpDRyknk87+Sp3xaumlatU+ppQ+5raY7sSTcC2beGgvhENfuw==",
      "os": ["linux"],
      "cpu": ["riscv64"]
    },
    "@rollup/rollup-linux-s390x-gnu@4.57.1": {
      "integrity": "sha512-Bl00OFnVFkL82FHbEqy3k5CUCKH6OEJL54KCyx2oqsmZnFTR8IoNqBF+mjQVcRCT5sB6yOvK8A37LNm/kPJiZg==",
      "os": ["linux"],
      "cpu": ["s390x"]
    },
    "@rollup/rollup-linux-x64-gnu@4.57.1": {
      "integrity": "sha512-ABca4ceT4N+Tv/GtotnWAeXZUZuM/9AQyCyKYyKnpk4yoA7QIAuBt6Hkgpw8kActYlew2mvckXkvx0FfoInnLg==",
      "os": ["linux"],
      "cpu": ["x64"]
    },
    "@rollup/rollup-linux-x64-musl@4.57.1": {
      "integrity": "sha512-HFps0JeGtuOR2convgRRkHCekD7j+gdAuXM+/i6kGzQtFhlCtQkpwtNzkNj6QhCDp7DRJ7+qC/1Vg2jt5iSOFw==",
      "os": ["linux"],
      "cpu": ["x64"]
    },
    "@rollup/rollup-openbsd-x64@4.57.1": {
      "integrity": "sha512-H+hXEv9gdVQuDTgnqD+SQffoWoc0Of59AStSzTEj/feWTBAnSfSD3+Dql1ZruJQxmykT/JVY0dE8Ka7z0DH1hw==",
      "os": ["openbsd"],
      "cpu": ["x64"]
    },
    "@rollup/rollup-openharmony-arm64@4.57.1": {
      "integrity": "sha512-4wYoDpNg6o/oPximyc/NG+mYUejZrCU2q+2w6YZqrAs2UcNUChIZXjtafAiiZSUc7On8v5NyNj34Kzj/Ltk6dQ==",
      "os": ["openharmony"],
      "cpu": ["arm64"]
    },
    "@rollup/rollup-win32-arm64-msvc@4.57.1": {
      "integrity": "sha512-O54mtsV/6LW3P8qdTcamQmuC990HDfR71lo44oZMZlXU4tzLrbvTii87Ni9opq60ds0YzuAlEr/GNwuNluZyMQ==",
      "os": ["win32"],
      "cpu": ["arm64"]
    },
    "@rollup/rollup-win32-ia32-msvc@4.57.1": {
      "integrity": "sha512-P3dLS+IerxCT/7D2q2FYcRdWRl22dNbrbBEtxdWhXrfIMPP9lQhb5h4Du04mdl5Woq05jVCDPCMF7Ub0NAjIew==",
      "os": ["win32"],
      "cpu": ["ia32"]
    },
    "@rollup/rollup-win32-x64-gnu@4.57.1": {
      "integrity": "sha512-VMBH2eOOaKGtIJYleXsi2B8CPVADrh+TyNxJ4mWPnKfLB/DBUmzW+5m1xUrcwWoMfSLagIRpjUFeW5CO5hyciQ==",
      "os": ["win32"],
      "cpu": ["x64"]
    },
    "@rollup/rollup-win32-x64-msvc@4.57.1": {
      "integrity": "sha512-mxRFDdHIWRxg3UfIIAwCm6NzvxG0jDX/wBN6KsQFTvKFqqg9vTrWUE68qEjHt19A5wwx5X5aUi2zuZT7YR0jrA==",
      "os": ["win32"],
      "cpu": ["x64"]
    },
    "@standard-schema/spec@1.1.0": {
      "integrity": "sha512-l2aFy5jALhniG5HgqrD6jXLi/rUWrKvqN/qJx6yoJsgKhblVd+iqqU4RCXavm/jPityDo5TCvKMnpjKnOriy0w=="
    },
    "@types/estree@1.0.8": {
      "integrity": "sha512-dWHzHa2WqEXI/O1E9OjrocMTKJl2mSrEolh1Iomrv6U+JuNwaHXsXx9bLu5gG7BUWFIN0skIQJQ/L1rIex4X6w=="
    },
    "fsevents@2.3.3": {
      "integrity": "sha512-5xoDfX+fL7faATnagmWPpbFtwh/R77WmMMqqHGS65C3vvB0YHrgF+B1YmZ3441tMj5n63k0212XNoJwzlhffQw==",
      "os": ["darwin"],
      "scripts": true
    },
    "hono@4.12.23": {
      "integrity": "sha512-eIaZ9qDgu7XV0pxOCrg7/WhnQ6Ivm22UcxhXx/A3dcbqbbYgBEkc6e/J/s7j2tS96zoB0S9VBdLwQNCWwUo4LA=="
    },
    "jose@6.1.3": {
      "integrity": "sha512-0TpaTfihd4QMNwrz/ob2Bp7X04yuxJkjRGi4aKmOqwhov54i6u79oCv7T+C7lo70MKH6BesI3vscD1yb/yzKXQ=="
    },
    "rollup@4.57.1": {
      "integrity": "sha512-oQL6lgK3e2QZeQ7gcgIkS2YZPg5slw37hYufJ3edKlfQSGGm8ICoxswK15ntSzF/a8+h7ekRy7k7oWc3BQ7y8A==",
      "dependencies": [
        "@types/estree"
      ],
      "optionalDependencies": [
        "@rollup/rollup-android-arm-eabi",
        "@rollup/rollup-android-arm64",
        "@rollup/rollup-darwin-arm64",
        "@rollup/rollup-darwin-x64",
        "@rollup/rollup-freebsd-arm64",
        "@rollup/rollup-freebsd-x64",
        "@rollup/rollup-linux-arm-gnueabihf",
        "@rollup/rollup-linux-arm-musleabihf",
        "@rollup/rollup-linux-arm64-gnu",
        "@rollup/rollup-linux-arm64-musl",
        "@rollup/rollup-linux-loong64-gnu",
        "@rollup/rollup-linux-loong64-musl",
        "@rollup/rollup-linux-ppc64-gnu",
        "@rollup/rollup-linux-ppc64-musl",
        "@rollup/rollup-linux-riscv64-gnu",
        "@rollup/rollup-linux-riscv64-musl",
        "@rollup/rollup-linux-s390x-gnu",
        "@rollup/rollup-linux-x64-gnu",
        "@rollup/rollup-linux-x64-musl",
        "@rollup/rollup-openbsd-x64",
        "@rollup/rollup-openharmony-arm64",
        "@rollup/rollup-win32-arm64-msvc",
        "@rollup/rollup-win32-ia32-msvc",
        "@rollup/rollup-win32-x64-gnu",
        "@rollup/rollup-win32-x64-msvc",
        "fsevents"
      ],
      "bin": true
    },
    "zod@4.3.6": {
      "integrity": "sha512-rftlrkhHZOcjDwkGlnUtZZkvaPHCsDATp4pGpuOOMDaTdDDXF91wuVDJoWoPsKX/3YPQ5fHuF3STjcYyKr+Qhg=="
    }
  },
  "workspace": {
    "dependencies": [
      "jsr:@deno/dnt@~0.42.3",
      "jsr:@std/expect@^1.0.17"
    ],
    "members": {
      "auth": {
        "dependencies": [
          "npm:jose@^6.1.3"
        ]
      },
      "dev": {
        "dependencies": [
          "jsr:@std/cli@^1.0.26",
          "jsr:@std/collections@^1.1.5",
          "jsr:@std/fs@^1.0.22",
          "jsr:@std/jsonc@^1.0.2"
        ]
      },
      "kv": {
        "dependencies": [
          "jsr:@std/assert@^1.0.17",
          "jsr:@std/collections@^1.1.4",
          "jsr:@std/ulid@1",
          "jsr:@std/uuid@^1.1.0",
          "npm:@standard-schema/spec@^1.1.0",
          "npm:zod@^4.3.6"
        ]
      },
      "lib": {
        "dependencies": [
          "jsr:@b-fuze/deno-dom@~0.1.56",
          "jsr:@std/bytes@^1.0.6",
          "jsr:@std/crypto@^1.0.5",
          "jsr:@std/encoding@^1.0.10",
          "jsr:@std/yaml@^1.0.11",
          "npm:hono@^4.11.7"
        ],
        "packageJson": {
          "dependencies": [
            "npm:@jsr/b-fuze__deno-dom@~0.1.56",
            "npm:@jsr/std__bytes@^1.0.6",
            "npm:@jsr/std__crypto@^1.1.0",
            "npm:@jsr/std__encoding@^1.0.10",
            "npm:@jsr/std__yaml@^1.1.0"
          ]
        }
      },
      "lib/crypto": {
        "dependencies": [
          "jsr:@std/crypto@^1.0.5"
        ]
      },
      "oauth2": {
        "dependencies": [
          "jsr:@std/crypto@^1.0.5",
          "jsr:@std/encoding@^1.0.10",
          "npm:hono@^4.11.7"
        ]
      },
      "openapi": {
        "dependencies": [
          "jsr:@std/yaml@^1.0.11",
          "npm:@standard-schema/spec@^1.1.0",
          "npm:hono@^4.11.7",
          "npm:zod@^4.3.6"
        ],
        "packageJson": {
          "dependencies": [
            "npm:@jsr/std__expect@^1.0.19",
            "npm:@jsr/std__yaml@^1.1.0",
            "npm:@standard-schema/spec@^1.1.0"
          ]
        }
      },
      "webauthn": {
        "dependencies": [
          "jsr:@std/bytes@^1.0.6",
          "jsr:@std/cbor@~0.1.9",
          "jsr:@std/crypto@^1.0.5",
          "jsr:@std/encoding@^1.0.10"
        ],
        "packageJson": {
          "dependencies": [
            "npm:@jsr/std__bytes@^1.0.6",
            "npm:@jsr/std__cbor@~0.1.9",
            "npm:@jsr/std__crypto@^1.1.0",
            "npm:@jsr/std__encoding@^1.0.10"
          ]
        }
      }
    }
  }
}
